
Microsoft Visual Studio Solution File, Format Version 12.00
# Visual Studio Version 17
VisualStudioVersion = 17.0.32126.317
MinimumVisualStudioVersion = 10.0.40219.1
Project("{9A19103F-16F7-4668-BE54-9A1E7A4F7556}") = "lab_1", "lab_1\lab_1.csproj", "{A5BAD447-B79F-4BCA-832F-CD9E1CF69CEC}"
EndProject
Project("{2150E333-8FDC-42A3-9474-1A3956D46DE8}") = "Solution Items", "Solution Items", "{854509CF-A69F-4EF7-A44A-2F12A5C06BAA}"
	ProjectSection(SolutionItems) = preProject
		.editorconfig = .editorconfig
	EndProjectSection
EndProject
Project("{FAE04EC0-301F-11D3-BF4B-00C04F79EFBC}") = "lab_1Tests", "lab_1Tests\lab_1Tests.csproj", "{C01A554B-AF7E-4CAA-8608-CFFD035BF92B}"
EndProject
Global
	GlobalSection(SolutionConfigurationPlatforms) = preSolution
		Debug|Any CPU = Debug|Any CPU
		Release|Any CPU = Release|Any CPU
	EndGlobalSection
	GlobalSection(ProjectConfigurationPlatforms) = postSolution
		{A5BAD447-B79F-4BCA-832F-CD9E1CF69CEC}.Debug|Any CPU.ActiveCfg = Debug|Any CPU
		{A5BAD447-B79F-4BCA-832F-CD9E1CF69CEC}.Debug|Any CPU.Build.0 = Debug|Any CPU
		{A5BAD447-B79F-4BCA-832F-CD9E1CF69CEC}.Release|Any CPU.ActiveCfg = Release|Any CPU
		{A5BAD447-B79F-4BCA-832F-CD9E1CF69CEC}.Release|Any CPU.Build.0 = Release|Any CPU
		{C01A554B-AF7E-4CAA-8608-CFFD035BF92B}.Debug|Any CPU.ActiveCfg = Debug|Any CPU
		{C01A554B-AF7E-4CAA-8608-CFFD035BF92B}.Debug|Any CPU.Build.0 = Debug|Any CPU
		{C01A554B-AF7E-4CAA-8608-CFFD035BF92B}.Release|Any CPU.ActiveCfg = Release|Any CPU
		{C01A554B-AF7E-4CAA-8608-CFFD035BF92B}.Release|Any CPU.Build.0 = Release|Any CPU
	EndGlobalSection
	GlobalSection(SolutionProperties) = preSolution
		HideSolutionNode = FALSE
	EndGlobalSection
	GlobalSection(ExtensibilityGlobals) = postSolution
		SolutionGuid = {C2140180-2D80-4B50-8CA8-F0EC1F12C138}
	EndGlobalSection
EndGlobal
